
Microsoft Visual Studio Solution File, Format Version 12.00
# Visual Studio Version 17
VisualStudioVersion = 17.2.32516.85
MinimumVisualStudioVersion = 10.0.40219.1
Project("{FAE04EC0-301F-11D3-BF4B-00C04F79EFBC}") = "Concurrency", "Concurrency\Concurrency.csproj", "{8BDFB273-7B7B-4D0B-9F3A-5A2F0131B387}"
EndProject
Global
	GlobalSection(SolutionConfigurationPlatforms) = preSolution
		Debug|Any CPU = Debug|Any CPU
		Release|Any CPU = Release|Any CPU
	EndGlobalSection
	GlobalSection(ProjectConfigurationPlatforms) = postSolution
		{8BDFB273-7B7B-4D0B-9F3A-5A2F0131B387}.Debug|Any CPU.ActiveCfg = Debug|Any CPU
		{8BDFB273-7B7B-4D0B-9F3A-5A2F0131B387}.Debug|Any CPU.Build.0 = Debug|Any CPU
		{8BDFB273-7B7B-4D0B-9F3A-5A2F0131B387}.Release|Any CPU.ActiveCfg = Release|Any CPU
		{8BDFB273-7B7B-4D0B-9F3A-5A2F0131B387}.Release|Any CPU.Build.0 = Release|Any CPU
	EndGlobalSection
	GlobalSection(SolutionProperties) = preSolution
		HideSolutionNode = FALSE
	EndGlobalSection
	GlobalSection(ExtensibilityGlobals) = postSolution
		SolutionGuid = {C401D6AF-F005-4B19-A1AE-F6A3F4C99D17}
	EndGlobalSection
EndGlobal
